<?xml version="1.0" encoding="utf-8"?>
<Project ToolsVersion="4.0" xmlns="http://schemas.microsoft.com/developer/msbuild/2003">
  <ItemGroup>
    <Filter Include="源文件">
      <UniqueIdentifier>{4FC737F1-C7A5-4376-A066-2A32D752A2FF}</UniqueIdentifier>
      <Extensions>cpp;c;cc;cxx;def;odl;idl;hpj;bat;asm;asmx</Extensions>
    </Filter>
    <Filter Include="头文件">
      <UniqueIdentifier>{93995380-89BD-4b04-88EB-625FBE52EBFB}</UniqueIdentifier>
      <Extensions>h;hh;hpp;hxx;hm;inl;inc;ipp;xsd</Extensions>
    </Filter>
    <Filter Include="资源文件">
      <UniqueIdentifier>{67DA6AB6-F800-4c08-8B7A-83BB121AAD01}</UniqueIdentifier>
      <Extensions>rc;ico;cur;bmp;dlg;rc2;rct;bin;rgs;gif;jpg;jpeg;jpe;resx;tiff;tif;png;wav;mfcribbon-ms</Extensions>
    </Filter>
    <Filter Include="源文件\usr">
      <UniqueIdentifier>{ed6b0128-7852-416a-ba01-b589a5994411}</UniqueIdentifier>
    </Filter>
    <Filter Include="头文件\os">
      <UniqueIdentifier>{25db3668-e194-4925-a49e-badff1b68913}</UniqueIdentifier>
    </Filter>
    <Filter Include="源文件\os">
      <UniqueIdentifier>{d565b45b-2df1-4bc2-a49f-0db2e881680b}</UniqueIdentifier>
    </Filter>
    <Filter Include="头文件\elog">
      <UniqueIdentifier>{e70ddf17-95ab-4d1f-b3b0-daf90ab3291f}</UniqueIdentifier>
    </Filter>
  </ItemGroup>
  <ItemGroup>
    <ClCompile Include="..\demo\demo.cpp">
      <Filter>源文件</Filter>
    </ClCompile>
    <ClCompile Include="..\os\src\clibase.cpp">
      <Filter>源文件\os</Filter>
    </ClCompile>
    <ClCompile Include="..\os\src\cnotify.cpp">
      <Filter>源文件\os</Filter>
    </ClCompile>
    <ClCompile Include="..\os\src\cstream.cpp">
      <Filter>源文件\os</Filter>
    </ClCompile>
    <ClCompile Include="..\os\src\errcode.cpp">
      <Filter>源文件\os</Filter>
    </ClCompile>
    <ClCompile Include="..\os\src\frameworkmgr.cpp">
      <Filter>源文件\os</Filter>
    </ClCompile>
    <ClCompile Include="..\os\src\log.cpp">
      <Filter>源文件\os</Filter>
    </ClCompile>
    <ClCompile Include="..\os\src\objbase.cpp">
      <Filter>源文件\os</Filter>
    </ClCompile>
    <ClCompile Include="..\os\src\objKernel.cpp">
      <Filter>源文件\os</Filter>
    </ClCompile>
    <ClCompile Include="..\os\src\objTask.cpp">
      <Filter>源文件\os</Filter>
    </ClCompile>
    <ClCompile Include="..\os\src\stacktrace.cpp">
      <Filter>源文件\os</Filter>
    </ClCompile>
    <ClCompile Include="..\os\src\system.cpp">
      <Filter>源文件\os</Filter>
    </ClCompile>
    <ClCompile Include="..\os\src\template.cpp">
      <Filter>源文件\os</Filter>
    </ClCompile>
    <ClCompile Include="..\os\src\timer.cpp">
      <Filter>源文件\os</Filter>
    </ClCompile>
  </ItemGroup>
  <ItemGroup>
    <ClInclude Include="..\os\inc\cargclist.h">
      <Filter>头文件\os</Filter>
    </ClInclude>
    <ClInclude Include="..\os\inc\clibase.h">
      <Filter>头文件\os</Filter>
    </ClInclude>
    <ClInclude Include="..\os\inc\cmdid.h">
      <Filter>头文件\os</Filter>
    </ClInclude>
    <ClInclude Include="..\os\inc\cnotify.h">
      <Filter>头文件\os</Filter>
    </ClInclude>
    <ClInclude Include="..\os\inc\cstream.h">
      <Filter>头文件\os</Filter>
    </ClInclude>
    <ClInclude Include="..\os\inc\frameworkmgr.h">
      <Filter>头文件\os</Filter>
    </ClInclude>
    <ClInclude Include="..\os\inc\log.h">
      <Filter>头文件\os</Filter>
    </ClInclude>
    <ClInclude Include="..\os\inc\objbase.h">
      <Filter>头文件\os</Filter>
    </ClInclude>
    <ClInclude Include="..\os\inc\objKernel.h">
      <Filter>头文件\os</Filter>
    </ClInclude>
    <ClInclude Include="..\os\inc\objTask.h">
      <Filter>头文件\os</Filter>
    </ClInclude>
    <ClInclude Include="..\os\inc\stacktrace.h">
      <Filter>头文件\os</Filter>
    </ClInclude>
    <ClInclude Include="..\os\inc\streamhelper.h">
      <Filter>头文件\os</Filter>
    </ClInclude>
    <ClInclude Include="..\os\inc\system.h">
      <Filter>头文件\os</Filter>
    </ClInclude>
    <ClInclude Include="..\os\inc\template.h">
      <Filter>头文件\os</Filter>
    </ClInclude>
    <ClInclude Include="..\os\inc\threadpool.h">
      <Filter>头文件\os</Filter>
    </ClInclude>
    <ClInclude Include="..\os\inc\timer.h">
      <Filter>头文件\os</Filter>
    </ClInclude>
    <ClInclude Include="..\os\inc\type.h">
      <Filter>头文件\os</Filter>
    </ClInclude>
    <ClInclude Include="..\elog\plugins\file\elog_file.h">
      <Filter>头文件\elog</Filter>
    </ClInclude>
    <ClInclude Include="..\elog\plugins\file\elog_file_cfg.h">
      <Filter>头文件\elog</Filter>
    </ClInclude>
    <ClInclude Include="..\elog\inc\elog.h">
      <Filter>头文件\elog</Filter>
    </ClInclude>
    <ClInclude Include="..\elog\inc\elog_cfg.h">
      <Filter>头文件\elog</Filter>
    </ClInclude>
  </ItemGroup>
</Project>